
Microsoft Visual Studio Solution File, Format Version 12.00
# Visual Studio Version 17
VisualStudioVersion = 17.8.34525.116
MinimumVisualStudioVersion = 10.0.40219.1
Project("{9A19103F-16F7-4668-BE54-9A1E7A4F7556}") = "BackendUsers", "Backend\BackendUsers.csproj", "{24B328D0-AC4E-4E7D-B38D-EF1574BF62F3}"
EndProject
Project("{FAE04EC0-301F-11D3-BF4B-00C04F79EFBC}") = "UsersBackendTesting", "UsersBackendTesting\UsersBackendTesting.csproj", "{3C9D8A9D-11C7-4298-9F6C-233630F4566A}"
EndProject
Global
	GlobalSection(SolutionConfigurationPlatforms) = preSolution
		Debug|Any CPU = Debug|Any CPU
		Release|Any CPU = Release|Any CPU
	EndGlobalSection
	GlobalSection(ProjectConfigurationPlatforms) = postSolution
		{24B328D0-AC4E-4E7D-B38D-EF1574BF62F3}.Debug|Any CPU.ActiveCfg = Debug|Any CPU
		{24B328D0-AC4E-4E7D-B38D-EF1574BF62F3}.Debug|Any CPU.Build.0 = Debug|Any CPU
		{24B328D0-AC4E-4E7D-B38D-EF1574BF62F3}.Release|Any CPU.ActiveCfg = Release|Any CPU
		{24B328D0-AC4E-4E7D-B38D-EF1574BF62F3}.Release|Any CPU.Build.0 = Release|Any CPU
		{3C9D8A9D-11C7-4298-9F6C-233630F4566A}.Debug|Any CPU.ActiveCfg = Debug|Any CPU
		{3C9D8A9D-11C7-4298-9F6C-233630F4566A}.Debug|Any CPU.Build.0 = Debug|Any CPU
		{3C9D8A9D-11C7-4298-9F6C-233630F4566A}.Release|Any CPU.ActiveCfg = Release|Any CPU
		{3C9D8A9D-11C7-4298-9F6C-233630F4566A}.Release|Any CPU.Build.0 = Release|Any CPU
	EndGlobalSection
	GlobalSection(SolutionProperties) = preSolution
		HideSolutionNode = FALSE
	EndGlobalSection
	GlobalSection(ExtensibilityGlobals) = postSolution
		SolutionGuid = {87984AA5-F038-4AE7-8314-F299F250D614}
	EndGlobalSection
EndGlobal
